
Microsoft Visual Studio Solution File, Format Version 12.00
# Visual Studio Version 17
VisualStudioVersion = 17.6.33717.318
MinimumVisualStudioVersion = 10.0.40219.1
Project("{FAE04EC0-301F-11D3-BF4B-00C04F79EFBC}") = "AUqueMIA_Pets", "AUqueMIA_Pets.csproj", "{55C29F86-E6AA-41FD-B739-E3EB8D04E0C1}"
EndProject
Global
	GlobalSection(SolutionConfigurationPlatforms) = preSolution
		Debug|Any CPU = Debug|Any CPU
		Release|Any CPU = Release|Any CPU
	EndGlobalSection
	GlobalSection(ProjectConfigurationPlatforms) = postSolution
		{55C29F86-E6AA-41FD-B739-E3EB8D04E0C1}.Debug|Any CPU.ActiveCfg = Debug|Any CPU
		{55C29F86-E6AA-41FD-B739-E3EB8D04E0C1}.Debug|Any CPU.Build.0 = Debug|Any CPU
		{55C29F86-E6AA-41FD-B739-E3EB8D04E0C1}.Release|Any CPU.ActiveCfg = Release|Any CPU
		{55C29F86-E6AA-41FD-B739-E3EB8D04E0C1}.Release|Any CPU.Build.0 = Release|Any CPU
	EndGlobalSection
	GlobalSection(SolutionProperties) = preSolution
		HideSolutionNode = FALSE
	EndGlobalSection
	GlobalSection(ExtensibilityGlobals) = postSolution
		SolutionGuid = {9B8406C4-3236-4A47-A9C8-6A0157C0724F}
	EndGlobalSection
EndGlobal
